// !$*UTF8*$!
{
	archiveVersion = 1;
	classes = {
	};
	objectVersion = 46;
	objects = {

/* Begin PBXBuildFile section */
		881F9FEC1EF530BC00E9F821 /* AuthHelper.m in Sources */ = {isa = PBXBuildFile; fileRef = 881F9FE81EF530BC00E9F821 /* AuthHelper.m */; };
		881F9FED1EF530BC00E9F821 /* libSangforSdk.a in Frameworks */ = {isa = PBXBuildFile; fileRef = 881F9FE91EF530BC00E9F821 /* libSangforSdk.a */; };
		881F9FEE1EF5312A00E9F821 /* AuthHelper.h in CopyFiles */ = {isa = PBXBuildFile; fileRef = 881F9FE71EF530BC00E9F821 /* AuthHelper.h */; };
/* End PBXBuildFile section */

/* Begin PBXCopyFilesBuildPhase section */
		881F9FD91EF5304D00E9F821 /* CopyFiles */ = {
			isa = PBXCopyFilesBuildPhase;
			buildActionMask = 2147483647;
			dstPath = "include/$(PRODUCT_NAME)";
			dstSubfolderSpec = 16;
			files = (
				881F9FEE1EF5312A00E9F821 /* AuthHelper.h in CopyFiles */,
			);
			runOnlyForDeploymentPostprocessing = 0;
		};
/* End PBXCopyFilesBuildPhase section */

/* Begin PBXFileReference section */
		881F9FDB1EF5304D00E9F821 /* libAuthHelperLib.a */ = {isa = PBXFileReference; explicitFileType = archive.ar; includeInIndex = 0; path = libAuthHelperLib.a; sourceTree = BUILT_PRODUCTS_DIR; };
		881F9FE71EF530BC00E9F821 /* AuthHelper.h */ = {isa = PBXFileReference; fileEncoding = 4; lastKnownFileType = sourcecode.c.h; path = AuthHelper.h; sourceTree = "<group>"; };
		881F9FE81EF530BC00E9F821 /* AuthHelper.m */ = {isa = PBXFileReference; fileEncoding = 4; lastKnownFileType = sourcecode.c.objc; path = AuthHelper.m; sourceTree = "<group>"; };
		881F9FE91EF530BC00E9F821 /* libSangforSdk.a */ = {isa = PBXFileReference; lastKnownFileType = archive.ar; path = libSangforSdk.a; sourceTree = "<group>"; };
		881F9FEA1EF530BC00E9F821 /* sdkheader.h */ = {isa = PBXFileReference; fileEncoding = 4; lastKnownFileType = sourcecode.c.h; path = sdkheader.h; sourceTree = "<group>"; };
		881F9FEB1EF530BC00E9F821 /* sslvpnnb.h */ = {isa = PBXFileReference; fileEncoding = 4; lastKnownFileType = sourcecode.c.h; path = sslvpnnb.h; sourceTree = "<group>"; };
/* End PBXFileReference section */

/* Begin PBXFrameworksBuildPhase section */
		881F9FD81EF5304D00E9F821 /* Frameworks */ = {
			isa = PBXFrameworksBuildPhase;
			buildActionMask = 2147483647;
			files = (
				881F9FED1EF530BC00E9F821 /* libSangforSdk.a in Frameworks */,
			);
			runOnlyForDeploymentPostprocessing = 0;
		};
/* End PBXFrameworksBuildPhase section */

/* Begin PBXGroup section */
		881F9FD21EF5304D00E9F821 = {
			isa = PBXGroup;
			children = (
				881F9FDD1EF5304D00E9F821 /* AuthHelperLib */,
				881F9FDC1EF5304D00E9F821 /* Products */,
			);
			sourceTree = "<group>";
		};
		881F9FDC1EF5304D00E9F821 /* Products */ = {
			isa = PBXGroup;
			children = (
				881F9FDB1EF5304D00E9F821 /* libAuthHelperLib.a */,
			);
			name = Products;
			sourceTree = "<group>";
		};
		881F9FDD1EF5304D00E9F821 /* AuthHelperLib */ = {
			isa = PBXGroup;
			children = (
				881F9FE71EF530BC00E9F821 /* AuthHelper.h */,
				881F9FE81EF530BC00E9F821 /* AuthHelper.m */,
				881F9FE91EF530BC00E9F821 /* libSangforSdk.a */,
				881F9FEA1EF530BC00E9F821 /* sdkheader.h */,
				881F9FEB1EF530BC00E9F821 /* sslvpnnb.h */,
			);
			path = AuthHelperLib;
			sourceTree = "<group>";
		};
/* End PBXGroup section */

/* Begin PBXNativeTarget section */
		881F9FDA1EF5304D00E9F821 /* AuthHelperLib */ = {
			isa = PBXNativeTarget;
			buildConfigurationList = 881F9FE41EF5304D00E9F821 /* Build configuration list for PBXNativeTarget "AuthHelperLib" */;
			buildPhases = (
				881F9FD71EF5304D00E9F821 /* Sources */,
				881F9FD81EF5304D00E9F821 /* Frameworks */,
				881F9FD91EF5304D00E9F821 /* CopyFiles */,
			);
			buildRules = (
			);
			dependencies = (
			);
			name = AuthHelperLib;
			productName = AuthHelperLib;
			productReference = 881F9FDB1EF5304D00E9F821 /* libAuthHelperLib.a */;
			productType = "com.apple.product-type.library.static";
		};
/* End PBXNativeTarget section */

/* Begin PBXProject section */
		881F9FD31EF5304D00E9F821 /* Project object */ = {
			isa = PBXProject;
			attributes = {
				LastUpgradeCheck = 0830;
				ORGANIZATIONNAME = ggggcexx;
				TargetAttributes = {
					881F9FDA1EF5304D00E9F821 = {
						CreatedOnToolsVersion = 8.3.1;
						DevelopmentTeam = 4FPBY5CXR6;
						ProvisioningStyle = Automatic;
					};
				};
			};
			buildConfigurationList = 881F9FD61EF5304D00E9F821 /* Build configuration list for PBXProject "AuthHelperLib" */;
			compatibilityVersion = "Xcode 3.2";
			developmentRegion = English;
			hasScannedForEncodings = 0;
			knownRegions = (
				en,
			);
			mainGroup = 881F9FD21EF5304D00E9F821;
			productRefGroup = 881F9FDC1EF5304D00E9F821 /* Products */;
			projectDirPath = "";
			projectRoot = "";
			targets = (
				881F9FDA1EF5304D00E9F821 /* AuthHelperLib */,
			);
		};
/* End PBXProject section */

/* Begin PBXSourcesBuildPhase section */
		881F9FD71EF5304D00E9F821 /* Sources */ = {
			isa = PBXSourcesBuildPhase;
			buildActionMask = 2147483647;
			files = (
				881F9FEC1EF530BC00E9F821 /* AuthHelper.m in Sources */,
			);
			runOnlyForDeploymentPostprocessing = 0;
		};
/* End PBXSourcesBuildPhase section */

/* Begin XCBuildConfiguration section */
		881F9FE21EF5304D00E9F821 /* Debug */ = {
			isa = XCBuildConfiguration;
			buildSettings = {
				ALWAYS_SEARCH_USER_PATHS = NO;
				CLANG_ANALYZER_NONNULL = YES;
				CLANG_ANALYZER_NUMBER_OBJECT_CONVERSION = YES_AGGRESSIVE;
				CLANG_CXX_LANGUAGE_STANDARD = "gnu++0x";
				CLANG_CXX_LIBRARY = "libc++";
				CLANG_ENABLE_MODULES = YES;
				CLANG_ENABLE_OBJC_ARC = YES;
				CLANG_WARN_BOOL_CONVERSION = YES;
				CLANG_WARN_CONSTANT_CONVERSION = YES;
				CLANG_WARN_DIRECT_OBJC_ISA_USAGE = YES_ERROR;
				CLANG_WARN_DOCUMENTATION_COMMENTS = YES;
				CLANG_WARN_EMPTY_BODY = YES;
				CLANG_WARN_ENUM_CONVERSION = YES;
				CLANG_WARN_INFINITE_RECURSION = YES;
				CLANG_WARN_INT_CONVERSION = YES;
				CLANG_WARN_OBJC_ROOT_CLASS = YES_ERROR;
				CLANG_WARN_SUSPICIOUS_MOVE = YES;
				CLANG_WARN_UNREACHABLE_CODE = YES;
				CLANG_WARN__DUPLICATE_METHOD_MATCH = YES;
				"CODE_SIGN_IDENTITY[sdk=iphoneos*]" = "iPhone Developer";
				COPY_PHASE_STRIP = NO;
				DEBUG_INFORMATION_FORMAT = dwarf;
				ENABLE_STRICT_OBJC_MSGSEND = YES;
				ENABLE_TESTABILITY = YES;
				GCC_C_LANGUAGE_STANDARD = gnu99;
				GCC_DYNAMIC_NO_PIC = NO;
				GCC_NO_COMMON_BLOCKS = YES;
				GCC_OPTIMIZATION_LEVEL = 0;
				GCC_PREPROCESSOR_DEFINITIONS = (
					"DEBUG=1",
					"$(inherited)",
				);
				GCC_WARN_64_TO_32_BIT_CONVERSION = YES;
				GCC_WARN_ABOUT_RETURN_TYPE = YES_ERROR;
				GCC_WARN_UNDECLARED_SELECTOR = YES;
				GCC_WARN_UNINITIALIZED_AUTOS = YES_AGGRESSIVE;
				GCC_WARN_UNUSED_FUNCTION = YES;
				GCC_WARN_UNUSED_VARIABLE = YES;
				IPHONEOS_DEPLOYMENT_TARGET = 10.3;
				MTL_ENABLE_DEBUG_INFO = YES;
				ONLY_ACTIVE_ARCH = YES;
				SDKROOT = iphoneos;
			};
			name = Debug;
		};
		881F9FE31EF5304D00E9F821 /* Release */ = {
			isa = XCBuildConfiguration;
			buildSettings = {
				ALWAYS_SEARCH_USER_PATHS = NO;
				CLANG_ANALYZER_NONNULL = YES;
				CLANG_ANALYZER_NUMBER_OBJECT_CONVERSION = YES_AGGRESSIVE;
				CLANG_CXX_LANGUAGE_STANDARD = "gnu++0x";
				CLANG_CXX_LIBRARY = "libc++";
				CLANG_ENABLE_MODULES = YES;
				CLANG_ENABLE_OBJC_ARC = YES;
				CLANG_WARN_BOOL_CONVERSION = YES;
				CLANG_WARN_CONSTANT_CONVERSION = YES;
				CLANG_WARN_DIRECT_OBJC_ISA_USAGE = YES_ERROR;
				CLANG_WARN_DOCUMENTATION_COMMENTS = YES;
				CLANG_WARN_EMPTY_BODY = YES;
				CLANG_WARN_ENUM_CONVERSION = YES;
				CLANG_WARN_INFINITE_RECURSION = YES;
				CLANG_WARN_INT_CONVERSION = YES;
				CLANG_WARN_OBJC_ROOT_CLASS = YES_ERROR;
				CLANG_WARN_SUSPICIOUS_MOVE = YES;
				CLANG_WARN_UNREACHABLE_CODE = YES;
				CLANG_WARN__DUPLICATE_METHOD_MATCH = YES;
				"CODE_SIGN_IDENTITY[sdk=iphoneos*]" = "iPhone Developer";
				COPY_PHASE_STRIP = NO;
				DEBUG_INFORMATION_FORMAT = "dwarf-with-dsym";
				ENABLE_NS_ASSERTIONS = NO;
				ENABLE_STRICT_OBJC_MSGSEND = YES;
				GCC_C_LANGUAGE_STANDARD = gnu99;
				GCC_NO_COMMON_BLOCKS = YES;
				GCC_WARN_64_TO_32_BIT_CONVERSION = YES;
				GCC_WARN_ABOUT_RETURN_TYPE = YES_ERROR;
				GCC_WARN_UNDECLARED_SELECTOR = YES;
				GCC_WARN_UNINITIALIZED_AUTOS = YES_AGGRESSIVE;
				GCC_WARN_UNUSED_FUNCTION = YES;
				GCC_WARN_UNUSED_VARIABLE = YES;
				IPHONEOS_DEPLOYMENT_TARGET = 10.3;
				MTL_ENABLE_DEBUG_INFO = NO;
				SDKROOT = iphoneos;
				VALIDATE_PRODUCT = YES;
			};
			name = Release;
		};
		881F9FE51EF5304D00E9F821 /* Debug */ = {
			isa = XCBuildConfiguration;
			buildSettings = {
				DEVELOPMENT_TEAM = 4FPBY5CXR6;
				LD_NO_PIE = YES;
				LIBRARY_SEARCH_PATHS = (
					"$(inherited)",
					"$(PROJECT_DIR)/AuthHelperLib",
				);
				ONLY_ACTIVE_ARCH = NO;
				OTHER_LDFLAGS = "-ObjC";
				PRODUCT_NAME = "$(TARGET_NAME)";
				SKIP_INSTALL = YES;
			};
			name = Debug;
		};
		881F9FE61EF5304D00E9F821 /* Release */ = {
			isa = XCBuildConfiguration;
			buildSettings = {
				DEVELOPMENT_TEAM = 4FPBY5CXR6;
				LD_NO_PIE = YES;
				LIBRARY_SEARCH_PATHS = (
					"$(inherited)",
					"$(PROJECT_DIR)/AuthHelperLib",
				);
				ONLY_ACTIVE_ARCH = YES;
				OTHER_LDFLAGS = "-ObjC";
				PRODUCT_NAME = "$(TARGET_NAME)";
				SKIP_INSTALL = YES;
			};
			name = Release;
		};
/* End XCBuildConfiguration section */

/* Begin XCConfigurationList section */
		881F9FD61EF5304D00E9F821 /* Build configuration list for PBXProject "AuthHelperLib" */ = {
			isa = XCConfigurationList;
			buildConfigurations = (
				881F9FE21EF5304D00E9F821 /* Debug */,
				881F9FE31EF5304D00E9F821 /* Release */,
			);
			defaultConfigurationIsVisible = 0;
			defaultConfigurationName = Release;
		};
		881F9FE41EF5304D00E9F821 /* Build configuration list for PBXNativeTarget "AuthHelperLib" */ = {
			isa = XCConfigurationList;
			buildConfigurations = (
				881F9FE51EF5304D00E9F821 /* Debug */,
				881F9FE61EF5304D00E9F821 /* Release */,
			);
			defaultConfigurationIsVisible = 0;
			defaultConfigurationName = Release;
		};
/* End XCConfigurationList section */
	};
	rootObject = 881F9FD31EF5304D00E9F821 /* Project object */;
}
